
Microsoft Visual Studio Solution File, Format Version 12.00
# Visual Studio Version 16
VisualStudioVersion = 16.0.31702.278
MinimumVisualStudioVersion = 10.0.40219.1
Project("{9A19103F-16F7-4668-BE54-9A1E7A4F7556}") = "ChessBoard", "ChessBoard\ChessBoard.csproj", "{B594B125-99E5-47FE-A020-A3EB6B5AEFBB}"
EndProject
Project("{FAE04EC0-301F-11D3-BF4B-00C04F79EFBC}") = "ChessLib", "ChessLib\ChessLib.csproj", "{4A33B31B-67E4-469C-9F80-F8E45BF57F33}"
EndProject
Global
	GlobalSection(SolutionConfigurationPlatforms) = preSolution
		Debug|Any CPU = Debug|Any CPU
		Release|Any CPU = Release|Any CPU
	EndGlobalSection
	GlobalSection(ProjectConfigurationPlatforms) = postSolution
		{B594B125-99E5-47FE-A020-A3EB6B5AEFBB}.Debug|Any CPU.ActiveCfg = Debug|Any CPU
		{B594B125-99E5-47FE-A020-A3EB6B5AEFBB}.Debug|Any CPU.Build.0 = Debug|Any CPU
		{B594B125-99E5-47FE-A020-A3EB6B5AEFBB}.Release|Any CPU.ActiveCfg = Release|Any CPU
		{B594B125-99E5-47FE-A020-A3EB6B5AEFBB}.Release|Any CPU.Build.0 = Release|Any CPU
		{4A33B31B-67E4-469C-9F80-F8E45BF57F33}.Debug|Any CPU.ActiveCfg = Debug|Any CPU
		{4A33B31B-67E4-469C-9F80-F8E45BF57F33}.Debug|Any CPU.Build.0 = Debug|Any CPU
		{4A33B31B-67E4-469C-9F80-F8E45BF57F33}.Release|Any CPU.ActiveCfg = Release|Any CPU
		{4A33B31B-67E4-469C-9F80-F8E45BF57F33}.Release|Any CPU.Build.0 = Release|Any CPU
	EndGlobalSection
	GlobalSection(SolutionProperties) = preSolution
		HideSolutionNode = FALSE
	EndGlobalSection
	GlobalSection(ExtensibilityGlobals) = postSolution
		SolutionGuid = {B338D37C-D8A3-4FA0-836A-BAC0E61D3288}
	EndGlobalSection
EndGlobal
